
Microsoft Visual Studio Solution File, Format Version 12.00
# Visual Studio Version 17
VisualStudioVersion = 17.9.34607.119
MinimumVisualStudioVersion = 10.0.40219.1
Project("{9A19103F-16F7-4668-BE54-9A1E7A4F7556}") = "MultiShop.Presentation", "MultiShop.Presentation\MultiShop.Presentation.csproj", "{1EA6EB40-DB28-4A4A-88A1-EF0BAD3E1B57}"
EndProject
Project("{9A19103F-16F7-4668-BE54-9A1E7A4F7556}") = "MultiShop.Business", "MultiShop.Business\MultiShop.Business.csproj", "{6A0D3740-121C-4E87-9CD9-92544C31D018}"
EndProject
Project("{9A19103F-16F7-4668-BE54-9A1E7A4F7556}") = "MultiShop.Data", "MultiShop.Data\MultiShop.Data.csproj", "{5669297E-8AE1-4334-8687-2FCFEE019C08}"
EndProject
Global
	GlobalSection(SolutionConfigurationPlatforms) = preSolution
		Debug|Any CPU = Debug|Any CPU
		Release|Any CPU = Release|Any CPU
	EndGlobalSection
	GlobalSection(ProjectConfigurationPlatforms) = postSolution
		{1EA6EB40-DB28-4A4A-88A1-EF0BAD3E1B57}.Debug|Any CPU.ActiveCfg = Debug|Any CPU
		{1EA6EB40-DB28-4A4A-88A1-EF0BAD3E1B57}.Debug|Any CPU.Build.0 = Debug|Any CPU
		{1EA6EB40-DB28-4A4A-88A1-EF0BAD3E1B57}.Release|Any CPU.ActiveCfg = Release|Any CPU
		{1EA6EB40-DB28-4A4A-88A1-EF0BAD3E1B57}.Release|Any CPU.Build.0 = Release|Any CPU
		{6A0D3740-121C-4E87-9CD9-92544C31D018}.Debug|Any CPU.ActiveCfg = Debug|Any CPU
		{6A0D3740-121C-4E87-9CD9-92544C31D018}.Debug|Any CPU.Build.0 = Debug|Any CPU
		{6A0D3740-121C-4E87-9CD9-92544C31D018}.Release|Any CPU.ActiveCfg = Release|Any CPU
		{6A0D3740-121C-4E87-9CD9-92544C31D018}.Release|Any CPU.Build.0 = Release|Any CPU
		{5669297E-8AE1-4334-8687-2FCFEE019C08}.Debug|Any CPU.ActiveCfg = Debug|Any CPU
		{5669297E-8AE1-4334-8687-2FCFEE019C08}.Debug|Any CPU.Build.0 = Debug|Any CPU
		{5669297E-8AE1-4334-8687-2FCFEE019C08}.Release|Any CPU.ActiveCfg = Release|Any CPU
		{5669297E-8AE1-4334-8687-2FCFEE019C08}.Release|Any CPU.Build.0 = Release|Any CPU
	EndGlobalSection
	GlobalSection(SolutionProperties) = preSolution
		HideSolutionNode = FALSE
	EndGlobalSection
	GlobalSection(ExtensibilityGlobals) = postSolution
		SolutionGuid = {84C12B4B-E27E-4E08-AA26-6CAB7CFCA66A}
	EndGlobalSection
EndGlobal
